
Microsoft Visual Studio Solution File, Format Version 12.00
# Visual Studio 15
VisualStudioVersion = 15.0.27703.2042
MinimumVisualStudioVersion = 10.0.40219.1
Project("{FAE04EC0-301F-11D3-BF4B-00C04F79EFBC}") = "dailyreport drill", "dailyreport drill\dailyreport drill.csproj", "{6AAE06E3-68FC-472B-BB9F-8E7772597396}"
EndProject
Global
	GlobalSection(SolutionConfigurationPlatforms) = preSolution
		Debug|Any CPU = Debug|Any CPU
		Release|Any CPU = Release|Any CPU
	EndGlobalSection
	GlobalSection(ProjectConfigurationPlatforms) = postSolution
		{6AAE06E3-68FC-472B-BB9F-8E7772597396}.Debug|Any CPU.ActiveCfg = Debug|Any CPU
		{6AAE06E3-68FC-472B-BB9F-8E7772597396}.Debug|Any CPU.Build.0 = Debug|Any CPU
		{6AAE06E3-68FC-472B-BB9F-8E7772597396}.Release|Any CPU.ActiveCfg = Release|Any CPU
		{6AAE06E3-68FC-472B-BB9F-8E7772597396}.Release|Any CPU.Build.0 = Release|Any CPU
	EndGlobalSection
	GlobalSection(SolutionProperties) = preSolution
		HideSolutionNode = FALSE
	EndGlobalSection
	GlobalSection(ExtensibilityGlobals) = postSolution
		SolutionGuid = {7AFE1755-73C2-4477-8227-7DAC0B2EE8DE}
	EndGlobalSection
EndGlobal
