
Microsoft Visual Studio Solution File, Format Version 12.00
# Visual Studio 15
VisualStudioVersion = 15.0.27703.2042
MinimumVisualStudioVersion = 10.0.40219.1
Project("{FAE04EC0-301F-11D3-BF4B-00C04F79EFBC}") = "string drill", "string drill\string drill.csproj", "{D6D7FF6E-30D6-41F1-9F5D-F8F799A613B8}"
EndProject
Global
	GlobalSection(SolutionConfigurationPlatforms) = preSolution
		Debug|Any CPU = Debug|Any CPU
		Release|Any CPU = Release|Any CPU
	EndGlobalSection
	GlobalSection(ProjectConfigurationPlatforms) = postSolution
		{D6D7FF6E-30D6-41F1-9F5D-F8F799A613B8}.Debug|Any CPU.ActiveCfg = Debug|Any CPU
		{D6D7FF6E-30D6-41F1-9F5D-F8F799A613B8}.Debug|Any CPU.Build.0 = Debug|Any CPU
		{D6D7FF6E-30D6-41F1-9F5D-F8F799A613B8}.Release|Any CPU.ActiveCfg = Release|Any CPU
		{D6D7FF6E-30D6-41F1-9F5D-F8F799A613B8}.Release|Any CPU.Build.0 = Release|Any CPU
	EndGlobalSection
	GlobalSection(SolutionProperties) = preSolution
		HideSolutionNode = FALSE
	EndGlobalSection
	GlobalSection(ExtensibilityGlobals) = postSolution
		SolutionGuid = {7C8040EE-5FD0-4A7E-9E45-C3B0AB26B859}
	EndGlobalSection
EndGlobal
