
Microsoft Visual Studio Solution File, Format Version 12.00
# Visual Studio 15
VisualStudioVersion = 15.0.27703.2042
MinimumVisualStudioVersion = 10.0.40219.1
Project("{FAE04EC0-301F-11D3-BF4B-00C04F79EFBC}") = "drill", "drill\drill.csproj", "{1888B76F-DCBE-4EF8-859A-B3CF7BFA04C2}"
EndProject
Global
	GlobalSection(SolutionConfigurationPlatforms) = preSolution
		Debug|Any CPU = Debug|Any CPU
		Release|Any CPU = Release|Any CPU
	EndGlobalSection
	GlobalSection(ProjectConfigurationPlatforms) = postSolution
		{1888B76F-DCBE-4EF8-859A-B3CF7BFA04C2}.Debug|Any CPU.ActiveCfg = Debug|Any CPU
		{1888B76F-DCBE-4EF8-859A-B3CF7BFA04C2}.Debug|Any CPU.Build.0 = Debug|Any CPU
		{1888B76F-DCBE-4EF8-859A-B3CF7BFA04C2}.Release|Any CPU.ActiveCfg = Release|Any CPU
		{1888B76F-DCBE-4EF8-859A-B3CF7BFA04C2}.Release|Any CPU.Build.0 = Release|Any CPU
	EndGlobalSection
	GlobalSection(SolutionProperties) = preSolution
		HideSolutionNode = FALSE
	EndGlobalSection
	GlobalSection(ExtensibilityGlobals) = postSolution
		SolutionGuid = {19365D82-9306-473B-AE92-F2C4EA996609}
	EndGlobalSection
EndGlobal
