
Microsoft Visual Studio Solution File, Format Version 12.00
# Visual Studio 15
VisualStudioVersion = 15.0.27703.2042
MinimumVisualStudioVersion = 10.0.40219.1
Project("{FAE04EC0-301F-11D3-BF4B-00C04F79EFBC}") = "bool drill", "bool drill\bool drill.csproj", "{93D930BB-5924-4A90-A950-6FFA0DAAECEF}"
EndProject
Global
	GlobalSection(SolutionConfigurationPlatforms) = preSolution
		Debug|Any CPU = Debug|Any CPU
		Release|Any CPU = Release|Any CPU
	EndGlobalSection
	GlobalSection(ProjectConfigurationPlatforms) = postSolution
		{93D930BB-5924-4A90-A950-6FFA0DAAECEF}.Debug|Any CPU.ActiveCfg = Debug|Any CPU
		{93D930BB-5924-4A90-A950-6FFA0DAAECEF}.Debug|Any CPU.Build.0 = Debug|Any CPU
		{93D930BB-5924-4A90-A950-6FFA0DAAECEF}.Release|Any CPU.ActiveCfg = Release|Any CPU
		{93D930BB-5924-4A90-A950-6FFA0DAAECEF}.Release|Any CPU.Build.0 = Release|Any CPU
	EndGlobalSection
	GlobalSection(SolutionProperties) = preSolution
		HideSolutionNode = FALSE
	EndGlobalSection
	GlobalSection(ExtensibilityGlobals) = postSolution
		SolutionGuid = {55964760-6864-4260-9842-941123B4A980}
	EndGlobalSection
EndGlobal
